
Microsoft Visual Studio Solution File, Format Version 12.00
# Visual Studio Version 16
VisualStudioVersion = 16.0.30128.74
MinimumVisualStudioVersion = 10.0.40219.1
Project("{9A19103F-16F7-4668-BE54-9A1E7A4F7556}") = "MigraDoc.DocumentObjectModel(NetCore)", "MigraDoc.DocumentObjectModel\MigraDoc.DocumentObjectModel(NetCore).csproj", "{9CEACD76-B19D-4840-9954-1B92E6DAE84D}"
EndProject
Project("{9A19103F-16F7-4668-BE54-9A1E7A4F7556}") = "PdfSharp(NetCore)", "..\..\PDFsharp\src\PdfSharp\PdfSharp(NetCore).csproj", "{496ACBB9-0F7B-4836-85A8-54BD0F5B4A6A}"
EndProject
Project("{9A19103F-16F7-4668-BE54-9A1E7A4F7556}") = "PdfSharp.Charting(NetCore)", "..\..\PDFsharp\src\PdfSharp.Charting\PdfSharp.Charting(NetCore).csproj", "{0FC2D275-50EB-4CEE-B887-B0E2AD69519F}"
EndProject
Project("{9A19103F-16F7-4668-BE54-9A1E7A4F7556}") = "MigraDoc.Rendering(NetCore)", "MigraDoc.Rendering\MigraDoc.Rendering(NetCore).csproj", "{29206114-6BA5-4741-88F7-9BB40C7FCDB8}"
EndProject
Global
	GlobalSection(SolutionConfigurationPlatforms) = preSolution
		Debug|Any CPU = Debug|Any CPU
		Release|Any CPU = Release|Any CPU
	EndGlobalSection
	GlobalSection(ProjectConfigurationPlatforms) = postSolution
		{9CEACD76-B19D-4840-9954-1B92E6DAE84D}.Debug|Any CPU.ActiveCfg = Debug|Any CPU
		{9CEACD76-B19D-4840-9954-1B92E6DAE84D}.Debug|Any CPU.Build.0 = Debug|Any CPU
		{9CEACD76-B19D-4840-9954-1B92E6DAE84D}.Release|Any CPU.ActiveCfg = Release|Any CPU
		{9CEACD76-B19D-4840-9954-1B92E6DAE84D}.Release|Any CPU.Build.0 = Release|Any CPU
		{496ACBB9-0F7B-4836-85A8-54BD0F5B4A6A}.Debug|Any CPU.ActiveCfg = Debug|Any CPU
		{496ACBB9-0F7B-4836-85A8-54BD0F5B4A6A}.Debug|Any CPU.Build.0 = Debug|Any CPU
		{496ACBB9-0F7B-4836-85A8-54BD0F5B4A6A}.Release|Any CPU.ActiveCfg = Release|Any CPU
		{496ACBB9-0F7B-4836-85A8-54BD0F5B4A6A}.Release|Any CPU.Build.0 = Release|Any CPU
		{0FC2D275-50EB-4CEE-B887-B0E2AD69519F}.Debug|Any CPU.ActiveCfg = Debug|Any CPU
		{0FC2D275-50EB-4CEE-B887-B0E2AD69519F}.Debug|Any CPU.Build.0 = Debug|Any CPU
		{0FC2D275-50EB-4CEE-B887-B0E2AD69519F}.Release|Any CPU.ActiveCfg = Release|Any CPU
		{0FC2D275-50EB-4CEE-B887-B0E2AD69519F}.Release|Any CPU.Build.0 = Release|Any CPU
		{29206114-6BA5-4741-88F7-9BB40C7FCDB8}.Debug|Any CPU.ActiveCfg = Debug|Any CPU
		{29206114-6BA5-4741-88F7-9BB40C7FCDB8}.Debug|Any CPU.Build.0 = Debug|Any CPU
		{29206114-6BA5-4741-88F7-9BB40C7FCDB8}.Release|Any CPU.ActiveCfg = Release|Any CPU
		{29206114-6BA5-4741-88F7-9BB40C7FCDB8}.Release|Any CPU.Build.0 = Release|Any CPU
	EndGlobalSection
	GlobalSection(SolutionProperties) = preSolution
		HideSolutionNode = FALSE
	EndGlobalSection
	GlobalSection(ExtensibilityGlobals) = postSolution
		SolutionGuid = {83B3E4BB-A205-4BD4-B1BF-2105C8C23A70}
	EndGlobalSection
EndGlobal
